
Microsoft Visual Studio Solution File, Format Version 12.00
# Visual Studio Version 17
VisualStudioVersion = 17.13.35931.197 d17.13
MinimumVisualStudioVersion = 10.0.40219.1
Project("{FAE04EC0-301F-11D3-BF4B-00C04F79EFBC}") = "AutoInsurance", "AutoInsurance\AutoInsurance.csproj", "{74E80489-60F5-49D5-ACFB-9FE1592347FC}"
EndProject
Global
	GlobalSection(SolutionConfigurationPlatforms) = preSolution
		Debug|Any CPU = Debug|Any CPU
		Release|Any CPU = Release|Any CPU
	EndGlobalSection
	GlobalSection(ProjectConfigurationPlatforms) = postSolution
		{74E80489-60F5-49D5-ACFB-9FE1592347FC}.Debug|Any CPU.ActiveCfg = Debug|Any CPU
		{74E80489-60F5-49D5-ACFB-9FE1592347FC}.Debug|Any CPU.Build.0 = Debug|Any CPU
		{74E80489-60F5-49D5-ACFB-9FE1592347FC}.Release|Any CPU.ActiveCfg = Release|Any CPU
		{74E80489-60F5-49D5-ACFB-9FE1592347FC}.Release|Any CPU.Build.0 = Release|Any CPU
	EndGlobalSection
	GlobalSection(SolutionProperties) = preSolution
		HideSolutionNode = FALSE
	EndGlobalSection
	GlobalSection(ExtensibilityGlobals) = postSolution
		SolutionGuid = {75113F59-BEA7-47A1-A7B6-50B09660CD4A}
	EndGlobalSection
EndGlobal
